
Microsoft Visual Studio Solution File, Format Version 12.00
# Visual Studio Version 17
VisualStudioVersion = 17.7.34031.279
MinimumVisualStudioVersion = 10.0.40219.1
Project("{FAE04EC0-301F-11D3-BF4B-00C04F79EFBC}") = "Module1616", "Module1616\Module1616.csproj", "{1D259B02-96B0-4A3C-86AC-0E5ED9672DD3}"
EndProject
Global
	GlobalSection(SolutionConfigurationPlatforms) = preSolution
		Debug|Any CPU = Debug|Any CPU
		Release|Any CPU = Release|Any CPU
	EndGlobalSection
	GlobalSection(ProjectConfigurationPlatforms) = postSolution
		{1D259B02-96B0-4A3C-86AC-0E5ED9672DD3}.Debug|Any CPU.ActiveCfg = Debug|Any CPU
		{1D259B02-96B0-4A3C-86AC-0E5ED9672DD3}.Debug|Any CPU.Build.0 = Debug|Any CPU
		{1D259B02-96B0-4A3C-86AC-0E5ED9672DD3}.Release|Any CPU.ActiveCfg = Release|Any CPU
		{1D259B02-96B0-4A3C-86AC-0E5ED9672DD3}.Release|Any CPU.Build.0 = Release|Any CPU
	EndGlobalSection
	GlobalSection(SolutionProperties) = preSolution
		HideSolutionNode = FALSE
	EndGlobalSection
	GlobalSection(ExtensibilityGlobals) = postSolution
		SolutionGuid = {542B3614-F652-4737-890C-CC83288A2D84}
	EndGlobalSection
EndGlobal
